
Microsoft Visual Studio Solution File, Format Version 12.00
# Visual Studio Version 16
VisualStudioVersion = 16.0.30907.101
MinimumVisualStudioVersion = 10.0.40219.1
Project("{FAE04EC0-301F-11D3-BF4B-00C04F79EFBC}") = "FunctionApp1", "FunctionApp1\FunctionApp1.csproj", "{51A1BDDB-7C79-4D75-95E6-30A482BCFC81}"
EndProject
Global
	GlobalSection(SolutionConfigurationPlatforms) = preSolution
		Debug|Any CPU = Debug|Any CPU
		Release|Any CPU = Release|Any CPU
	EndGlobalSection
	GlobalSection(ProjectConfigurationPlatforms) = postSolution
		{51A1BDDB-7C79-4D75-95E6-30A482BCFC81}.Debug|Any CPU.ActiveCfg = Debug|Any CPU
		{51A1BDDB-7C79-4D75-95E6-30A482BCFC81}.Debug|Any CPU.Build.0 = Debug|Any CPU
		{51A1BDDB-7C79-4D75-95E6-30A482BCFC81}.Release|Any CPU.ActiveCfg = Release|Any CPU
		{51A1BDDB-7C79-4D75-95E6-30A482BCFC81}.Release|Any CPU.Build.0 = Release|Any CPU
	EndGlobalSection
	GlobalSection(SolutionProperties) = preSolution
		HideSolutionNode = FALSE
	EndGlobalSection
	GlobalSection(ExtensibilityGlobals) = postSolution
		SolutionGuid = {E3C7F39B-1FF0-4468-9828-6D448B7FD894}
	EndGlobalSection
EndGlobal
